<?xml version="1.0" encoding="utf-8"?>
<Project ToolsVersion="4.0" xmlns="http://schemas.microsoft.com/developer/msbuild/2003">
  <ItemGroup>
    <ClCompile Include="AssemblyInfo.cpp" />
    <ClCompile Include="Coordinate.cpp" />
    <ClCompile Include="EngineConfig.cpp" />
    <ClCompile Include="OSRM.cpp" />
    <ClCompile Include="Stdafx.cpp" />
    <ClCompile Include="OsrmException.cpp" />
    <ClCompile Include="Route\RouteWayPoint.cpp">
      <Filter>Route</Filter>
    </ClCompile>
    <ClCompile Include="Route\RouteItem.cpp">
      <Filter>Route</Filter>
    </ClCompile>
    <ClCompile Include="Route\RouteParameters.cpp">
      <Filter>Route</Filter>
    </ClCompile>
    <ClCompile Include="Route\RouteResult.cpp">
      <Filter>Route</Filter>
    </ClCompile>
    <ClCompile Include="Utils.cpp" />
  </ItemGroup>
  <ItemGroup>
    <ClInclude Include="Coordinate.h" />
    <ClInclude Include="EngineConfig.h" />
    <ClInclude Include="OSRM.h" />
    <ClInclude Include="OsrmFwdDecl.h" />
    <ClInclude Include="resource.h" />
    <ClInclude Include="Stdafx.h" />
    <ClInclude Include="OsrmException.h" />
    <ClInclude Include="Route\RouteWayPoint.h">
      <Filter>Route</Filter>
    </ClInclude>
    <ClInclude Include="Route\RouteResult.h">
      <Filter>Route</Filter>
    </ClInclude>
    <ClInclude Include="Route\RouteItem.h">
      <Filter>Route</Filter>
    </ClInclude>
    <ClInclude Include="Route\RouteLeg.h">
      <Filter>Route</Filter>
    </ClInclude>
    <ClInclude Include="Route\RouteParameters.h">
      <Filter>Route</Filter>
    </ClInclude>
    <ClInclude Include="Utils.h" />
  </ItemGroup>
  <ItemGroup>
    <ResourceCompile Include="app.rc" />
  </ItemGroup>
  <ItemGroup>
    <None Include="packages.config" />
  </ItemGroup>
  <ItemGroup>
    <Filter Include="Route">
      <UniqueIdentifier>{b6390646-0c29-4bba-81c0-3b0a362b2ffa}</UniqueIdentifier>
    </Filter>
  </ItemGroup>
</Project>