<?xml version="1.0" encoding="utf-8"?>
<Project ToolsVersion="4.0" xmlns="http://schemas.microsoft.com/developer/msbuild/2003">
  <ItemGroup>
    <ClCompile Include="AssemblyInfo.cpp" />
    <ClCompile Include="Coordinate.cpp" />
    <ClCompile Include="EngineConfig.cpp" />
    <ClCompile Include="OSRM.cpp" />
    <ClCompile Include="Stdafx.cpp" />
    <ClCompile Include="OsrmException.cpp" />
    <ClCompile Include="Route\RouteParameters.cpp">
      <Filter>Route</Filter>
    </ClCompile>
    <ClCompile Include="Route\RouteResult.cpp">
      <Filter>Route</Filter>
    </ClCompile>
    <ClCompile Include="Utils.cpp" />
    <ClCompile Include="BaseParameters.cpp" />
    <ClCompile Include="Nearest\NearestParameters.cpp">
      <Filter>Nearest</Filter>
    </ClCompile>
    <ClCompile Include="Waypoint.cpp" />
    <ClCompile Include="Route.cpp" />
    <ClCompile Include="Nearest\NearestResult.cpp">
      <Filter>Nearest</Filter>
    </ClCompile>
    <ClCompile Include="Table\TableParameters.cpp">
      <Filter>Table</Filter>
    </ClCompile>
    <ClCompile Include="Table\TableResult.cpp">
      <Filter>Table</Filter>
    </ClCompile>
  </ItemGroup>
  <ItemGroup>
    <ClInclude Include="Coordinate.h" />
    <ClInclude Include="EngineConfig.h" />
    <ClInclude Include="OSRM.h" />
    <ClInclude Include="OsrmFwdDecl.h" />
    <ClInclude Include="resource.h" />
    <ClInclude Include="Stdafx.h" />
    <ClInclude Include="OsrmException.h" />
    <ClInclude Include="Route\RouteResult.h">
      <Filter>Route</Filter>
    </ClInclude>
    <ClInclude Include="Route\RouteParameters.h">
      <Filter>Route</Filter>
    </ClInclude>
    <ClInclude Include="Utils.h" />
    <ClInclude Include="Bearing.h" />
    <ClInclude Include="Approach.h" />
    <ClInclude Include="BaseParameters.h" />
    <ClInclude Include="Nearest\NearestParameters.h">
      <Filter>Nearest</Filter>
    </ClInclude>
    <ClInclude Include="Waypoint.h" />
    <ClInclude Include="Route.h" />
    <ClInclude Include="Nearest\NearestResult.h">
      <Filter>Nearest</Filter>
    </ClInclude>
    <ClInclude Include="Table\TableParameters.h">
      <Filter>Table</Filter>
    </ClInclude>
    <ClInclude Include="Table\TableResult.h">
      <Filter>Table</Filter>
    </ClInclude>
  </ItemGroup>
  <ItemGroup>
    <ResourceCompile Include="app.rc" />
  </ItemGroup>
  <ItemGroup>
    <None Include="packages.config" />
  </ItemGroup>
  <ItemGroup>
    <Filter Include="Route">
      <UniqueIdentifier>{b6390646-0c29-4bba-81c0-3b0a362b2ffa}</UniqueIdentifier>
    </Filter>
    <Filter Include="Nearest">
      <UniqueIdentifier>{fc4a5348-d06c-4702-a99d-291e028c57aa}</UniqueIdentifier>
    </Filter>
    <Filter Include="Table">
      <UniqueIdentifier>{e49c8a32-77d2-4797-a255-fdbb20db8152}</UniqueIdentifier>
    </Filter>
  </ItemGroup>
</Project>